<?xml version="1.0" encoding="utf-8"?>
<Project ToolsVersion="4.0" xmlns="http://schemas.microsoft.com/developer/msbuild/2003">
  <ItemGroup>
    <Filter Include="Header Files">
      <UniqueIdentifier>{93995380-89BD-4b04-88EB-625FBE52EBFB}</UniqueIdentifier>
      <Extensions>h;hpp;hxx;hm;inl;inc;xsd</Extensions>
    </Filter>
    <Filter Include="Core Files">
      <UniqueIdentifier>{7e2e8621-4263-45cd-9c2e-73863f169483}</UniqueIdentifier>
    </Filter>
    <Filter Include="Component Files">
      <UniqueIdentifier>{77968d5c-dc08-4d86-bd4e-26ddf50a1c2c}</UniqueIdentifier>
    </Filter>
    <Filter Include="Shader Files">
      <UniqueIdentifier>{67DA6AB6-F800-4c08-8B7A-83BB121AAD01}</UniqueIdentifier>
      <Extensions>rc;ico;cur;bmp;dlg;rc2;rct;bin;rgs;gif;jpg;jpeg;jpe;resx;tiff;tif;png;wav;mfcribbon-ms</Extensions>
    </Filter>
    <Filter Include="Implementation Files">
      <UniqueIdentifier>{4FC737F1-C7A5-4376-A066-2A32D752A2FF}</UniqueIdentifier>
      <Extensions>cpp;c;cc;cxx;def;odl;idl;hpj;bat;asm;asmx</Extensions>
    </Filter>
  </ItemGroup>
  <ItemGroup>
    <ClInclude Include="ElementHeader.h">
      <Filter>Header Files</Filter>
    </ClInclude>
  </ItemGroup>
  <ItemGroup>
    <ClCompile Include="Mesh.cpp">
      <Filter>Component Files</Filter>
    </ClCompile>
    <ClCompile Include="Transform.cpp">
      <Filter>Component Files</Filter>
    </ClCompile>
    <ClCompile Include="Camera.cpp">
      <Filter>Component Files</Filter>
    </ClCompile>
    <ClCompile Include="Light.cpp">
      <Filter>Component Files</Filter>
    </ClCompile>
    <ClCompile Include="Input.cpp">
      <Filter>Core Files</Filter>
    </ClCompile>
    <ClCompile Include="Main.cpp">
      <Filter>Core Files</Filter>
    </ClCompile>
    <ClCompile Include="Renderer.cpp">
      <Filter>Core Files</Filter>
    </ClCompile>
    <ClCompile Include="Shader.cpp">
      <Filter>Core Files</Filter>
    </ClCompile>
    <ClCompile Include="System.cpp">
      <Filter>Core Files</Filter>
    </ClCompile>
    <ClCompile Include="Scene.cpp">
      <Filter>Core Files</Filter>
    </ClCompile>
    <ClCompile Include="Actor.cpp">
      <Filter>Core Files</Filter>
    </ClCompile>
    <ClCompile Include="Component.cpp">
      <Filter>Component Files</Filter>
    </ClCompile>
    <ClCompile Include="Globals.cpp">
      <Filter>Core Files</Filter>
    </ClCompile>
  </ItemGroup>
  <ItemGroup>
    <None Include="ADS.vert">
      <Filter>Shader Files</Filter>
    </None>
    <None Include="ADS.frag">
      <Filter>Shader Files</Filter>
    </None>
    <None Include="Picking.vert">
      <Filter>Shader Files</Filter>
    </None>
    <None Include="Picking.frag">
      <Filter>Shader Files</Filter>
    </None>
  </ItemGroup>
</Project>